{
  "name": "hvac-air-conditioner-calculator",
  "version": "0.0.0",
  "lockfileVersion": 3,
  "requires": true,
  "packages": {
    "": {
      "name": "hvac-air-conditioner-calculator",
      "version": "0.0.0",
      "dependencies": {
        "d3": "^7.9.0",
        "react": "^18.3.1",
        "react-dom": "^18.3.1"
      },
      "devDependencies": {
        "@types/d3": "^7.4.3",
        "@types/react": "^18.3.3",
        "@types/react-dom": "^18.3.0",
        "@vitejs/plugin-react": "^4.3.1",
        "typescript": "^5.2.2",
        "vite": "^5.3.1"
      }
    },
    "node_modules/@babel/parser": {
      "version": "7.24.7",
      "resolved": "https://registry.npmjs.org/@babel/parser/-/parser-7.24.7.tgz",
      "integrity": "sha512-jw5i3aH33cEK8Q+5s9FkbcrSgNzFjU1sivt4QnBw5fpzx4jSgpiV2oVpAu5ihfI1ti0Mtr3XQ4l3sAso5k1gUQ==",
      "dev": true,
      "bin": {
        "parser": "bin/babel-parser.js"
      },
      "engines": {
        "node": ">=6.0.0"
      }
    },
    "node_modules/@types/d3": {
      "version": "7.4.3",
      "resolved": "https://registry.npmjs.org/@types/d3/-/d3-7.4.3.tgz",
      "integrity": "sha512-1N5x2/InSPW5U+cOd2P2sKFP+A23W8p2lQbQZtXG0W23fQBSBfWjNoSqEbsC3nhLJJmd7pQ3wBv9D4AG8/yHZw==",
      "dev": true,
      "dependencies": {
        "@types/d3-array": "*",
        "@types/d3-axis": "*",
        "@types/d3-brush": "*",
        "@types/d3-chord": "*",
        "@types/d3-collection": "*",
        "@types/d3-color": "*",
        "@types/d3-contour": "*",
        "@types/d3-dispatch": "*",
        "@types/d3-drag": "*",
        "@types/d3-dsv": "*",
        "@types/d3-ease": "*",
        "@types/d3-fetch": "*",
        "@types/d3-force": "*",
        "@types/d3-format": "*",
        "@types/d3-geo": "*",
        "@types/d3-hierarchy": "*",
        "@types/d3-interpolate": "*",
        "@types/d3-path": "*",
        "@types/d3-polygon": "*",
        "@types/d3-quadtree": "*",
        "@types/d3-random": "*",
        "@types/d3-scale": "*",
        "@types/d3-scale-chromatic": "*",
        "@types/d3-selection": "*",
        "@types/d3-shape": "*",
        "@types/d3-time": "*",
        "@types/d3-time-format": "*",
        "@types/d3-timer": "*",
        "@types/d3-transition": "*",
        "@types/d3-zoom": "*"
      }
    },
    "node_modules/@types/d3-array": {
      "version": "3.2.1",
      "resolved": "https://registry.npmjs.org/@types/d3-array/-/d3-array-3.2.1.tgz",
      "integrity": "sha512-GVj+rJNlI7L1PAnj6sGrz14hPLQ59Yh2pMjwf+mZqn1w72HFe22t03grtCjQJdKCd3Kx42o226q8+zBOl8gU4g==",
      "dev": true
    },
    "node_modules/@types/d3-axis": {
      "version": "3.0.4",
      "resolved": "https://registry.npmjs.org/@types/d3-axis/-/d3-axis-3.0.4.tgz",
      "integrity": "sha512-Cj1QjUplZfP9g6hdEBl/3h2dXaY7T3n/7KPAFbfYBCSCcdKbe8o9i4lo/XvGPCGs2PqQGIpTfXJd32nI2sD3tQ==",
      "dev": true,
      "dependencies": {
        "@types/d3-selection": "*"
      }
    },
    "node_modules/@types/d3-brush": {
      "version": "3.0.4",
      "resolved": "https://registry.npmjs.org/@types/d3-brush/-/d3-brush-3.0.4.tgz",
      "integrity": "sha512-JmU6pVT488csQx43h2yBu72z3uPj/0sFBCEDaT+P5/9vI89GfOQp9vU1tHLkOaG4gn5JqTj5rP+t8b8o063/Vg==",
      "dev": true,
      "dependencies": {
        "@types/d3-dispatch": "*",
        "@types/d3-drag": "*",
        "@types/d3-selection": "*"
      }
    },
    "node_modules/@types/d3-chord": {
      "version": "3.0.4",
      "resolved": "https://registry.npmjs.org/@types/d3-chord/-/d3-chord-3.0.4.tgz",
      "integrity": "sha512-78Vbms4tTddwLpD7GIaG88y+ZtgiQWJ2N9hSDd8Gj9UuD2sH6M0g05v4V/97/TGLKwnk+A9Qj/zH1Sj/u9Zp5w==",
      "dev": true,
      "dependencies": {
        "@types/d3-path": "*"
      }
    },
    "node_modules/@types/d3-collection": {
      "version": "1.0.12",
      "resolved": "https://registry.npmjs.org/@types/d3-collection/-/d3-collection-1.0.12.tgz",
      "integrity": "sha512-z7L+yA1z9Qdv+eFGNopD3/Iauk/J4fF+fOF5z1b7aY7v25y0w3c6h3h6y3mSqwk/e7z6c+8TuGkL3VA+4gH3bA==",
      "dev": true
    },
    "node_modules/@types/d3-color": {
      "version": "3.1.3",
      "resolved": "https://registry.npmjs.org/@types/d3-color/-/d3-color-3.1.3.tgz",
      "integrity": "sha512-BEVq/vO0V2g4/vYhgbStOCs2qB6DiV2r22rY35zC/i6h6y8bj+AKrMXoKNit/x/pG2B1QTi9JdUSYQx35zWGPBA==",
      "dev": true
    },
    "node_modules/@types/d3-contour": {
      "version": "3.1.3",
      "resolved": "https://registry.npmjs.org/@types/d3-contour/-/d3-contour-3.1.3.tgz",
      "integrity": "sha512-w9b7LzYpW/vA/1+Vn41bWcI3e8KWK2vLNZ/yIzNenA7x3+4G4kRj8/N4qgQvD+8l3MFlb7XbCzzWJ5xVb451Ew==",
      "dev": true,
      "dependencies": {
        "@types/d3-array": "*",
        "@types/geojson": "*"
      }
    },
    "node_modules/@types/d3-dispatch": {
      "version": "3.0.4",
      "resolved": "https://registry.npmjs.org/@types/d3-dispatch/-/d3-dispatch-3.0.4.tgz",
      "integrity": "sha512-v4fT8R8Qj4SNh6Hqm3QyQJ4Y2hdOmaWOB2xYyPnh1nK8+9hDo3RjV0hM9z7/W3QGvjYbS+tqRgYx2X/4weHDAw==",
      "dev": true
    },
    "node_modules/@types/d3-drag": {
      "version": "3.0.4",
      "resolved": "https://registry.npmjs.org/@types/d3-drag/-/d3-drag-3.0.4.tgz",
      "integrity": "sha512-0XdnNGoIiqb2sY2472OasXgWqKa7QfNlM/l2QJtM3DPMsVwrFh66y786c/VpC45EBlP2tFw0Y2V5y5xS142q4w==",
      "dev": true,
      "dependencies": {
        "@types/d3-dispatch": "*",
        "@types/d3-selection": "*"
      }
    },
    "node_modules/@types/d3-dsv": {
      "version": "3.0.4",
      "resolved": "https://registry.npmjs.org/@types/d3-dsv/-/d3-dsv-3.0.4.tgz",
      "integrity": "sha512-q/7c3mSBYm9Qn2aP0v0XG0/AAbH02bL6pXq/xKAPJ9Kj+1+1/iSg5Z81fV/Jr2C80pP0p8nZcM5v01l2tw==",
      "dev": true
    },
    "node_modules/@types/d3-ease": {
      "version": "3.0.2",
      "resolved": "https://registry.npmjs.org/@types/d3-ease/-/d3-ease-3.0.2.tgz",
      "integrity": "sha512-nZ/xN0O6mJ6A9uP+nUj2QNV2p2C25+4Gg2aF48s7Csgt8qodn3YtK/2xsPLm/Y/Fq5xU/yK0lT3GgR/yV32yDw==",
      "dev": true
    },
    "node_modules/@types/d3-fetch": {
      "version": "3.0.4",
      "resolved": "https://registry.npmjs.org/@types/d3-fetch/-/d3-fetch-3.0.4.tgz",
      "integrity": "sha512-lP3T/VpDkS2vRz3BUIWv7Lqj+5cKqS+p7k1+u/hKx/pY/y/tYgqO1QXHwA941Kq3k3I22F/SSTv6d1w5w==",
      "dev": true,
      "dependencies": {
        "@types/d3-dsv": "*"
      }
    },
    "node_modules/@types/d3-force": {
      "version": "3.0.6",
      "resolved": "https://registry.npmjs.org/@types/d3-force/-/d3-force-3.0.6.tgz",
      "integrity": "sha512-04nXMmR9b+B2P5oK3D9+W4u9+tY+2k9/1pIP/Sj1Tqf3PQSzFzR7S67X0cOq9oBHq0NJS3tsA4JmE0T8U/YwAw==",
      "dev": true,
      "dependencies": {
        "@types/d3-dispatch": "*",
        "@types/d3-quadtree": "*",
        "@types/d3-timer": "*"
      }
    },
    "node_modules/@types/d3-format": {
      "version": "3.1.3",
      "resolved": "https://registry.npmjs.org/@types/d3-format/-/d3-format-3.1.3.tgz",
      "integrity": "sha512-g255VwA6FcsYI+lF4j3Jk28nDA5g4b998jWzB/tL7PBE8h4i8ZL/a+8cGTbQz+5tAptkE75T2Xg3Ue43nFk+2A==",
      "dev": true
    },
    "node_modules/@types/d3-geo": {
      "version": "3.0.6",
      "resolved": "https://registry.npmjs.org/@types/d3-geo/-/d3-geo-3.0.6.tgz",
      "integrity": "sha512-Xm8Z/q9fRtC6nQhPkWvUe4A24lK5sQyHk/MV1x12pG35xR9tDYGbIqgUvjFk5/6D2rQ21T0uG3m81Z4pIq/LgA==",
      "dev": true,
      "dependencies": {
        "@types/d3-array": "*",
        "@types/geojson": "*"
      }
    },
    "node_modules/@types/d3-hierarchy": {
      "version": "3.1.4",
      "resolved": "https://registry.npmjs.org/@types/d3-hierarchy/-/d3-hierarchy-3.1.4.tgz",
      "integrity": "sha512-r8+0S5dFw+3u59I0s+TSbK/PcVd50Qe/vWggBwzC98+1d/sGyq2d2757J7nAJgHYO+o8kxtz+7T+K1QpU9XbPQ==",
      "dev": true
    },
    "node_modules/@types/d3-interpolate": {
      "version": "3.0.4",
      "resolved": "https://registry.npmjs.org/@types/d3-interpolate/-/d3-interpolate-3.0.4.tgz",
      "integrity": "sha512-m/yEw02pU5PjFwY7QppVWW3I0LLnISX723kG2u3F+4UfWl5yqfB6Y64LzKq1Xg8p0Mqs1V3YQYxK/G0dOQe3lrg==",
      "dev": true,
      "dependencies": {
        "@types/d3-color": "*"
      }
    },
    "node_modules/@types/d3-path": {
      "version": "3.1.3",
      "resolved": "https://registry.npmjs.org/@types/d3-path/-/d3-path-3.1.3.tgz",
      "integrity": "sha512-70/pHD2Irm8xV+gE0JGAg6B3UHg48JjQnT2N53y22/m/g2p23DDzxm3qCSpwz4gXz3hL23kS8i+R4cOCb/Wn9A==",
      "dev": true
    },
    "node_modules/@types/d3-polygon": {
      "version": "3.0.3",
      "resolved": "https://registry.npmjs.org/@types/d3-polygon/-/d3-polygon-3.0.3.tgz",
      "integrity": "sha512-42/iW5wBvG3Qf0bnV8dTrj5kL4xtfI+k21p//G44sV+zFFtFpL3u7Mv3eKxKz/30a38z75VvOa8f2z9Jt2l5Vw==",
      "dev": true
    },
    "node_modules/@types/d3-quadtree": {
      "version": "3.0.3",
      "resolved": "https://registry.npmjs.org/@types/d3-quadtree/-/d3-quadtree-3.0.3.tgz",
      "integrity": "sha512-4O5GzC9/4T0+j3cM7hKLAqM9GvMxrJ/YI5S+j4Q27+lG8bJ/oU6I1P+FzL1N7lC0w0nOQe/o4D16X1lWew==",
      "dev": true
    },
    "node_modules/@types/d3-random": {
      "version": "3.0.3",
      "resolved": "https://registry.npmjs.org/@types/d3-random/-/d3-random-3.0.3.tgz",
      "integrity": "sha512-XfNXXx1jg2zWd0bUaPofzGGwmgz7t54/0sU6z+C10jL9waKZbHkQY0/s5yLUSjFj287QAG32j1h55g2iQBwzow==",
      "dev": true
    },
    "node_modules/@types/d3-scale": {
      "version": "4.0.5",
      "resolved": "https://registry.npmjs.org/@types/d3-scale/-/d3-scale-4.0.5.tgz",
      "integrity": "sha512-R5VpY3pD8X4P/Pcxm/5iG7WJb/iU4/wA8xUkLgYpE5kE9x5N/2S08tTCAiWb2a3p6LDTf7y4mCHhZtH5V0n9g==",
      "dev": true,
      "dependencies": {
        "@types/d3-array": "*",
        "@types/d3-interpolate": "*",
        "@types/d3-time": "*",
        "@types/d3-time-format": "*"
      }
    },
    "node_modules/@types/d3-scale-chromatic": {
      "version": "3.0.2",
      "resolved": "https://registry.npmjs.org/@types/d3-scale-chromatic/-/d3-scale-chromatic-3.0.2.tgz",
      "integrity": "sha512-tD+l03Vd8lM1bC7KthqN2T6oPjSxpqMWDksE2fxoJ2tM6YJb2fI8Ztdn9VCR2h440cZbI0+bJgY8TqfV1z82Vw==",
      "dev": true,
      "dependencies": {
        "@types/d3-interpolate": "*"
      }
    },
    "node_modules/@types/d3-selection": {
      "version": "3.0.7",
      "resolved": "https://registry.npmjs.org/@types/d3-selection/-/d3-selection-3.0.7.tgz",
      "integrity": "sha512-e/bHkH6HXtVX0/O+dCXb4w20O2LgK2E/6n9fW32k39wQ/Yw3Q1p/I2bcp04zGm9v1rsn7lD22O1L++9x7jS5w==",
      "dev": true
    },
    "node_modules/@types/d3-shape": {
      "version": "3.1.4",
      "resolved": "https://registry.npmjs.org/@types/d3-shape/-/d3-shape-3.1.4.tgz",
      "integrity": "sha512-l9t6d+1O2aAjW4PdbH3goz+F2n0VSCB+510/L3mJd5T8t0eYw8wRF2J4wWvpG6s/mDtxvJtNf5vTq1dI1D3gNg==",
      "dev": true,
      "dependencies": {
        "@types/d3-path": "*",
        "@types/geojson": "*"
      }
    },
    "node_modules/@types/d3-time": {
      "version": "3.0.2",
      "resolved": "https://registry.npmjs.org/@types/d3-time/-/d3-time-3.0.2.tgz",
      "integrity": "sha512-d0+wN77h1LgO3/lC2h2dKdvWAn2vW5bJxtsM9f8S3g4n33eR/O2+tqR7aB3u1UuMBk241f3O0G/fXNn95nJSw==",
      "dev": true
    },
    "node_modules/@types/d3-time-format": {
      "version": "4.0.2",
      "resolved": "https://registry.npmjs.org/@types/d3-time-format/-/d3-time-format-4.0.2.tgz",
      "integrity": "sha512-aT1HpkA5lF5/kN4H3+11X1/2j1/i8j3xL5C1Hw9vB74E5vA1wOAn/F5b/2nSp/xGxtkI3KjFfWlB5t20wA07w==",
      "dev": true,
      "dependencies": {
        "@types/d3-time": "*"
      }
    },
    "node_modules/@types/d3-timer": {
      "version": "3.0.2",
      "resolved": "https://registry.npmjs.org/@types/d3-timer/-/d3-timer-3.0.2.tgz",
      "integrity": "sha512-A3zGg8yC3sHkXb/kH8SjpP9t2mI5ABj4T0M2+Zm99m2fK251i0lYFk3c3VvG8oJ/j2/dLSr/z6VTSZzQc34WQ==",
      "dev": true
    },
    "node_modules/@types/d3-transition": {
      "version": "3.0.5",
      "resolved": "https://registry.npmjs.org/@types/d3-transition/-/d3-transition-3.0.5.tgz",
      "integrity": "sha512-B2+Ld28PCWz+A82vPMp0/K3WJNY+21xgrjYl4y/5X+nKjA5r5H1W5WVD4v7Ym/gT41T6t8kXo2YhWkG4j9M7w==",
      "dev": true,
      "dependencies": {
        "@types/d3-color": "*",
        "@types/d3-dispatch": "*",
        "@types/d3-ease": "*",
        "@types/d3-interpolate": "*",
        "@types/d3-selection": "*",
        "@types/d3-timer": "*"
      }
    },
    "node_modules/@types/d3-zoom": {
      "version": "3.0.5",
      "resolved": "https://registry.npmjs.org/@types/d3-zoom/-/d3-zoom-3.0.5.tgz",
      "integrity": "sha512-B7/s3Jk2lS0c5V4+U928uA0k/+ZlqNUXH/2Chtc45C05nS1D2Yh2rX1nU2X+8+w0tG4+3BGMV3p1y3s82y4tQ==",
      "dev": true,
      "dependencies": {
        "@types/d3-dispatch": "*",
        "@types/d3-drag": "*",
        "@types/d3-selection": "*",
        "@types/d3-transition": "*"
      }
    },
    "node_modules/@types/estree": {
      "version": "1.0.5",
      "resolved": "https://registry.npmjs.org/@types/estree/-/estree-1.0.5.tgz",
      "integrity": "sha512-CRrJ8d9FVVLEzwNb2E7dYv2sDJZr3p6aMk2B6TS02GvA82bP2K258/1x3khCjg1/Lz00o1vcT4yTCU6QvMM3/g==",
      "dev": true
    },
    "node_modules/@types/geojson": {
      "version": "7946.0.10",
      "resolved": "https://registry.npmjs.org/@types/geojson/-/geojson-7946.0.10.tgz",
      "integrity": "sha512-Nmh0K3iWQJzniDICNcAayCwZkIZifOLp5TPK7elB3ad2vJ0V9m6f2g3fG1t7l7PszrPj23Cj2i212kAG55k7+Q==",
      "dev": true
    },
    "node_modules/@types/node": {
      "version": "20.14.9",
      "resolved": "https://registry.npmjs.org/@types/node/-/node-20.14.9.tgz",
      "integrity": "sha512-06m8K1r2n3SoPaOP1Mv6W88EB4kBf9k/QrtIA1Q2i8JW1QIYc/3pAp5/2eGgvS2+i9f/2a3Qda0z9J2d7Is9gg==",
      "dev": true,
      "dependencies": {
        "undici-types": "~5.26.4"
      }
    },
    "node_modules/@types/prop-types": {
      "version": "15.7.12",
      "resolved": "https://registry.npmjs.org/@types/prop-types/-/prop-types-15.7.12.tgz",
      "integrity": "sha512-5zvhXYS3G2sWH3iL3Yqu9or233qX5usjD4AnWEoQ5iS7nS18wQ1s2p4y4hVoV52/K8SAWb7ZkGjIW42AbVjQzA==",
      "dev": true
    },
    "node_modules/@types/react": {
      "version": "18.3.3",
      "resolved": "https://registry.npmjs.org/@types/react/-/react-18.3.3.tgz",
      "integrity": "sha512-hti/R0pS0q1/xx+TsI73XIqk26eBsloNs4qBcfz3wYT1pQ6Bik財/K/yWqhj/uaCg/RwbUrKRr1wce8vYMn5A==",
      "dev": true,
      "dependencies": {
        "@types/prop-types": "*",
        "csstype": "^3.0.2"
      }
    },
    "node_modules/@types/react-dom": {
      "version": "18.3.0",
      "resolved": "https://registry.npmjs.org/@types/react-dom/-/react-dom-18.3.0.tgz",
      "integrity": "sha512-d/X6JNb4Hzb4am93ArPa+v112n/pC/APZA9J7SY24llvVb+2N8V33z3gs38VKgY26y1vA7wS5hfgz7eW/k6k2Q==",
      "dev": true,
      "dependencies": {
        "@types/react": "*"
      }
    },
    "node_modules/@vitejs/plugin-react": {
      "version": "4.3.1",
      "resolved": "https://registry.npmjs.org/@vitejs/plugin-react/-/plugin-react-4.3.1.tgz",
      "integrity": "sha512-s/a/6R2h4y4rT+tq0/j2yNp9g1pC79yW2S0nL6pX4rL2ky+L419F5j2rJb4w/4A0P1fG5+X2s4JmNn8YA==",
      "dev": true,
      "dependencies": {
        "@babel/parser": "^7.24.1",
        "@vitejs/plugin-react-swc": "^3.6.0"
      },
      "engines": {
        "node": ">=18.0.0"
      },
      "peerDependencies": {
        "vite": "^4.2.0 || ^5.0.0"
      }
    },
    "node_modules/@vitejs/plugin-react-swc": {
      "version": "3.7.0",
      "resolved": "https://registry.npmjs.org/@vitejs/plugin-react-swc/-/plugin-react-swc-3.7.0.tgz",
      "integrity": "sha512-i5aFz4St3fA52xHBzNbtPq1yF0780D/9a8bL34mF7A7VwbPk/ajI3ZstY5x4nJ8tqGyQG5i7o0iE2cYL0i943g==",
      "dev": true,
      "optionalDependencies": {
        "@swc/core": "^1.4.11",
        "@swc/core-linux-x64-gnu": "^1.4.11",
        "@swc/core-win32-x64-msvc": "^1.4.11"
      },
      "peerDependencies": {
        "vite": ">=3.2.0"
      },
      "peerDependenciesMeta": {
        "@swc/core": {
          "optional": true
        }
      }
    },
    "node_modules/csstype": {
      "version": "3.1.3",
      "resolved": "https://registry.npmjs.org/csstype/-/csstype-3.1.3.tgz",
      "integrity": "sha512-M1uQkMl8r3FEe0u3rMoSM1cNglDftML51T/z+3o43shMedVss2jIblHt5Vw8C/aQAm3t2KRcpOVr4IkYDcuo1w==",
      "dev": true
    },
    "node_modules/d3": {
      "version": "7.9.0",
      "resolved": "https://registry.npmjs.org/d3/-/d3-7.9.0.tgz",
      "integrity": "sha512-QLg3ZnFwzSok8k61+KzMEyq1IkQ2Z7t3gG3fr/eL4AY3TPbE3T3j3i5yubC5tSgT2NHN2edB/rY3IeB3LQFJjQ==",
      "dependencies": {
        "d3-array": "3",
        "d3-axis": "3",
        "d3-brush": "3",
        "d3-chord": "3",
        "d3-color": "3",
        "d3-contour": "4",
        "d3-delaunay": "6",
        "d3-dispatch": "3",
        "d3-drag": "3",
        "d3-dsv": "3",
        "d3-ease": "3",
        "d3-fetch": "3",
        "d3-force": "3",
        "d3-format": "3",
        "d3-geo": "3",
        "d3-hierarchy": "3",
        "d3-interpolate": "3",
        "d3-path": "3",
        "d3-polygon": "3",
        "d3-quadtree": "3",
        "d3-random": "3",
        "d3-scale": "4",
        "d3-scale-chromatic": "3",
        "d3-selection": "3",
        "d3-shape": "3",
        "d3-time": "3",
        "d3-time-format": "4",
        "d3-timer": "3",
        "d3-transition": "3",
        "d3-zoom": "3"
      }
    },
    "node_modules/d3-array": {
      "version": "3.2.4",
      "resolved": "https://registry.npmjs.org/d3-array/-/d3-array-3.2.4.tgz",
      "integrity": "sha512-3z35sW49DvlDGrrPAp2b528baxKF2V1c7u/SGto5C6yAb2gWCtgp5k3GPq3k8Yv2gQgO2XFz5Kj2/QfW3v524A=="
    },
    "node_modules/d3-axis": {
      "version": "3.0.0",
      "resolved": "https://registry.npmjs.org/d3-axis/-/d3-axis-3.0.0.tgz",
      "integrity": "sha512-b/3+TFS3iEXS+PqHlR3K5Q2GNDkP9jwxv4/cPlI7pAqz1J3h/L1r6RBls22Lz8ZzTKLn0sZCF/Wb8yqEAX/22g=="
    },
    "node_modules/d3-brush": {
      "version": "3.0.0",
      "resolved": "https://registry.npmjs.org/d3-brush/-/d3-brush-3.0.0.tgz",
      "integrity": "sha512-J3+hA/P7bQZY61Fw8zfs31D2Xw+eI5s40h5S3sKcg0e0mC2n6i3S/zP4LSS6i58nnhI1i7hB2yIq/Vd5eQ=="
    },
    "node_modules/d3-chord": {
      "version": "3.0.1",
      "resolved": "https://registry.npmjs.org/d3-chord/-/d3-chord-3.0.1.tgz",
      "integrity": "sha512-y2zQhmhU2yD4i+p4S/VPJey2/4tI3/DRJ58p3d5xHGF2x/pvfsv949B3pXaSob62yXW/19iLgW6F91cBNYc42Q=="
    },
    "node_modules/d3-color": {
      "version": "3.1.0",
      "resolved": "https://registry.npmjs.org/d3-color/-/d3-color-3.1.0.tgz",
      "integrity": "sha512-9jRVHrQtt7y233U6uUCYp8sI81f6NlU7gVT9mP2T3/a2kAr+7tmywRj3MboqHOdJAWl1+p/d/Lz3SRW5tU55aA=="
    },
    "node_modules/d3-contour": {
      "version": "4.0.2",
      "resolved": "https://registry.npmjs.org/d3-contour/-/d3-contour-4.0.2.tgz",
      "integrity": "sha512-B6U9MDBr+sE1wWdQ1bKj12423wP4Z+L4bKx+H3jPFFu+EMcTJlM3y4kF/k6d8tA0wM4xxK2iRzHk6k85lWqY7Q=="
    },
    "node_modules/d3-delaunay": {
      "version": "6.0.4",
      "resolved": "https://registry.npmjs.org/d3-delaunay/-/d3-delaunay-6.0.4.tgz",
      "integrity": "sha512-Y1u76gV7Oa23X5DzuWRtM3Y1bLAnbtrD2U3u325USQ+PveP/qMKL3/32uHrIm/x1oEaJ/uFp3I9b24lsoO4n2g==",
      "dependencies": {
        "delaunator": "5.0.1",
        "robust-predicates": "^3.0.2"
      }
    },
    "node_modules/d3-dispatch": {
      "version": "3.0.1",
      "resolved": "https://registry.npmjs.org/d3-dispatch/-/d3-dispatch-3.0.1.tgz",
      "integrity": "sha512-v22/aIdT+vIM+A+S9YdSKbI+t60N52/v72Fk8PA+9i7Y+wJ+nNnQv822p3gnH2o7T1b+MX4o9n7n/QWz/VCAEg=="
    },
    "node_modules/d3-drag": {
      "version": "3.0.0",
      "resolved": "https://registry.npmjs.org/d3-drag/-/d3-drag-3.0.0.tgz",
      "integrity": "sha512-F5aLfeDwgS4YgXAtmIT7HjW4VWL7NCbV4CnD6P75Jb04Vb2NfN3Kj76w/KxL8/Gz/V03kOUq2pA3ABp7xYHUcQ=="
    },
    "node_modules/d3-dsv": {
      "version": "3.0.1",
      "resolved": "https://registry.npmjs.org/d3-dsv/-/d3-dsv-3.0.1.tgz",
      "integrity": "sha512-s/ylHDl0zzGn15lQ9pIUWBW4L8dnTF82B0pC3i70QdvjC66d2cAWOO0lWd2iGTDF+39lkyWJbF6/KRU28lCgDA=="
    },
    "node_modules/d3-ease": {
      "version": "3.0.1",
      "resolved": "https://registry.npmjs.org/d3-ease/-/d3-ease-3.0.1.tgz",
      "integrity": "sha512-1dpV04CF0cI3bOb2sCUCyv6jF1/4Ff/XToQ/auA79xlXoYp0cI1p89vV7hIqQ9r2I9f13h//wAjcLOo6LwTcwA=="
    },
    "node_modules/d3-fetch": {
      "version": "3.0.1",
      "resolved": "https://registry.npmjs.org/d3-fetch/-/d3-fetch-3.0.1.tgz",
      "integrity": "sha512-N/4St/uNq2j4R/oFs/2J/G3uXv2nKewLyE2K6b/dwsrKj5lC3n+Q3t/lqjx+2uJdM+o4eM0Y/2Q2tK3y/G+waw=="
    },
    "node_modules/d3-force": {
      "version": "3.0.0",
      "resolved": "https://registry.npmjs.org/d3-force/-/d3-force-3.0.0.tgz",
      "integrity": "sha512-y2+T/Xn50rSrqPcGpFUbtrQuPjt2v/btrV+tVpM1Ym68065T1x/y5n9+dDxLQtfyQ1+hO+xMhBf3G4xXyV5DkQ=="
    },
    "node_modules/d3-format": {
      "version": "3.1.0",
      "resolved": "https://registry.npmjs.org/d3-format/-/d3-format-3.1.0.tgz",
      "integrity": "sha512-3z3LLfRP+e/D6NDB3yC+L6M+TSc15uC8+I/d/iK5ks/eJc9qDPP0P2v/OAj5i/3Wc/pYUW79MaG8lYk6s+5XMQ=="
    },
    "node_modules/d3-geo": {
      "version": "3.1.1",
      "resolved": "https://registry.npmjs.org/d3-geo/-/d3-geo-3.1.1.tgz",
      "integrity": "sha512-Y/BsdL2zNuctBf1k53fWkGk2kGvjQyFcf332/5sVpT2SsgbFvP0w2Pb3MCkNL+iQ14Pnm/bL+8Wf8kHIIK28+A=="
    },
    "node_modules/d3-hierarchy": {
      "version": "3.1.2",
      "resolved": "https://registry.npmjs.org/d3-hierarchy/-/d3-hierarchy-3.1.2.tgz",
      "integrity": "sha512-8hF+9V12A8eWMb23z/wYND/2t3IAX5Q/IuA9Hn71k0dUncxH+JWz+uU1v24/tWjV/6x2XbA89eAWKhdVj4/zcw=="
    },
    "node_modules/d3-interpolate": {
      "version": "3.0.1",
      "resolved": "https://registry.npmjs.org/d3-interpolate/-/d3-interpolate-3.0.1.tgz",
      "integrity": "sha512-2/WF093A3/xPnFd3/222nE4GJgO8Pwb3w/o+pDBNRn0d52p8d3cRKoitGk3yLh4e4S7A1X6TmaP3cKz2Cg15nQ=="
    },
    "node_modules/d3-path": {
      "version": "3.1.0",
      "resolved": "https://registry.npmjs.org/d3-path/-/d3-path-3.1.0.tgz",
      "integrity": "sha512-VTq/2Vwz4fJOk/0+wT+JLF4oWE/nIM9XkCtTjV9yT5PwxwYV2nF1K1mXyIeO5jBF6NqP8o7w+G/E0Q6f3J2G8A=="
    },
    "node_modules/d3-polygon": {
      "version": "3.0.1",
      "resolved": "https://registry.npmjs.org/d3-polygon/-/d3-polygon-3.0.1.tgz",
      "integrity": "sha512-1vNKp+2/LGPjMZyUEBLi1mKj76x+tIBv/C/zI20L4hEsh2T3BCHg+o22r2Zl1s6jyj4t3M2uW/wH/f2I5D5o9g=="
    },
    "node_modules/d3-quadtree": {
      "version": "3.0.1",
      "resolved": "https://registry.npmjs.org/d3-quadtree/-/d3-quadtree-3.0.1.tgz",
      "integrity": "sha512-/e39aVNYKxU+r/6xvb6b9Jc/V5xS6kR/E3h5KAXf2l1aM5D2I3OQxBWf225JbCjWkDY7Ka1f/9zBmAQ3r7bxg=="
    },
    "node_modules/d3-random": {
      "version": "3.0.1",
      "resolved": "https://registry.npmjs.org/d3-random/-/d3-random-3.0.1.tgz",
      "integrity": "sha512-gC7yrrChv/wYcTaIHp1sL+8A3a84rDA1/eA+9T8S10oP+S2/pVA2IsP/3i1r/G7P2sA/5/lZ1r5O1Lwe042r+Q=="
    },
    "node_modules/d3-scale": {
      "version": "4.0.2",
      "resolved": "https://registry.npmjs.org/d3-scale/-/d3-scale-4.0.2.tgz",
      "integrity": "sha512-Pnx66X7/Xyvy4X85L93I8ZcPp2aL/uWlTN2mS/L3nplh3s0g41Mh+Gj8Y2oP/vgbh230/yI5q/L+KzI15L2oA=="
    },
    "node_modules/d3-scale-chromatic": {
      "version": "3.1.0",
      "resolved": "https://registry.npmjs.org/d3-scale-chromatic/-/d3-scale-chromatic-3.1.0.tgz",
      "integrity": "sha512-/c1s/u/QG1D/5lX81o4A5wA4/W64jQl7z/m3+kMvTcvj28zWvj8SJTt2+S3tYgStyH+wV2pZCRj4iE7cW35s9A=="
    },
    "node_modules/d3-selection": {
      "version": "3.0.0",
      "resolved": "https://registry.npmjs.org/d3-selection/-/d3-selection-3.0.0.tgz",
      "integrity": "sha512-rsLgL323dY4y/2Bkhnh3pkx6X+lH0kg/V4vYvClhX4sV41z2CqK6/bH8/QvPzu3V/LgLg+z07iB2vj1V63IeQ=="
    },
    "node_modules/d3-shape": {
      "version": "3.2.0",
      "resolved": "https://registry.npmjs.org/d3-shape/-/d3-shape-3.2.0.tgz",
      "integrity": "sha512-dF3u/2UeE4L8m/Vl+3/gQ1/3I9x0aR/2u1g5v/I4w5A2eKj5l04yGA5qV0RB4fN0m/tHj8gWfK+0HkKZw=="
    },
    "node_modules/d3-time": {
      "version": "3.1.0",
      "resolved": "https://registry.npmjs.org/d3-time/-/d3-time-3.1.0.tgz",
      "integrity": "sha512-Y1QN2X1yB5e/i5I4x5/1jQpA3p5+Q55l29xmsaVl3oP3hE3tpgi6A14/5/nZTn2uRjVvj9Y8CFCa2fCug/Ezw=="
    },
    "node_modules/d3-time-format": {
      "version": "4.1.0",
      "resolved": "https://registry.npmjs.org/d3-time-format/-/d3-time-format-4.1.0.tgz",
      "integrity": "sha512-11pVEpvtOFd/O0o5tTfY4B4sxyqVFLn/ggsJ6mS1vK8wz/AzgAl+39+p/h3/3j3+cTq1D22Xk7+a5g/x52uL4g=="
    },
    "node_modules/d3-timer": {
      "version": "3.0.1",
      "resolved": "https://registry.npmjs.org/d3-timer/-/d3-timer-3.0.1.tgz",
      "integrity": "sha512-b2g5uL2532pIZ3W/K287hB59w/523vC7L4XbVnG224jp2liOq4gStyB324rXbZpXhLryoJ6dD/Jz+uD9Vq6p4Q=="
    },
    "node_modules/d3-transition": {
      "version": "3.0.1",
      "resolved": "https://registry.npmjs.org/d3-transition/-/d3-transition-3.0.1.tgz",
      "integrity": "sha512-dKbsT9h1qN+0xbIoE5575w++pQ5/3Y4qK3xTzP1Dmqh5dYwI/u3eJ4P6vxy/i6lW3/I2/M5z/f4x/sR2i/oG3g=="
    },
    "node_modules/d3-zoom": {
      "version": "3.0.0",
      "resolved": "https://registry.npmjs.org/d3-zoom/-/d3-zoom-3.0.0.tgz",
      "integrity": "sha512-C8VOk5M+vW2rS0ybrsU5/2GfBvj1d0NnUeG3aJPhU2iP+1w6x31/53i2/gP/93Qjx+0GZpQnS/J/2YyI2D5Ww=="
    },
    "node_modules/delaunator": {
      "version": "5.0.1",
      "resolved": "https://registry.npmjs.org/delaunator/-/delaunator-5.0.1.tgz",
      "integrity": "sha512-gB7fE5u/f1N2a52/2P0tYnC2gTqwjxtK/tq27D3dmRzIAz6lMxh0C/zJ2sK14/DIa0TqGJDg/TRvM1i+217vlg==",
      "dependencies": {
        "robust-predicates": "^3.0.2"
      }
    },
    "node_modules/es-module-lexer": {
      "version": "1.5.2",
      "resolved": "https://registry.npmjs.org/es-module-lexer/-/es-module-lexer-1.5.2.tgz",
      "integrity": "sha512-d29X2LcseBCiKjM0InYSg5wExzJUrA3APyKLPc1t/DCA8T7amvS4ul2c27wLdQUesa/1bFp9Yt1Tna8z05OKTQ==",
      "dev": true
    },
    "node_modules/fsevents": {
      "version": "2.3.3",
      "resolved": "https://registry.npmjs.org/fsevents/-/fsevents-2.3.3.tgz",
      "integrity": "sha512-5rrqanwRART+D1Pfq3I5tnMW2EnPS5i0TvtAnMong5OMWIFkK6x2IZoA8VjA0qAIpo9+SiDN5pH4PAbVbIStig==",
      "dev": true,
      "hasInstallScript": true,
      "optional": true,
      "os": [
        "darwin"
      ],
      "engines": {
        "node": "^8.16.0 || ^10.6.0 || >=11.0.0"
      }
    },
    "node_modules/js-tokens": {
      "version": "4.0.0",
      "resolved": "https://registry.npmjs.org/js-tokens/-/js-tokens-4.0.0.tgz",
      "integrity": "sha512-RdJUflcE3cUzKiMqQgsCu06FPu9UdIJO0beYbPhHN4k6apgJtifcoCtT9bcxOpYBtpD2kCM6Sbzg4CausW/PKQ=="
    },
    "node_modules/loose-envify": {
      "version": "1.4.0",
      "resolved": "https://registry.npmjs.org/loose-envify/-/loose-envify-1.4.0.tgz",
      "integrity": "sha512-lyuxPGr/Wfhrlem2CL/UcnUc1zcqKA3SvsW3msI+GjwymitbZsCiFj/RealtNyRenMfaj5LCcJBmoH3SfHbfpQ==",
      "dependencies": {
        "js-tokens": "^3.0.0 || ^4.0.0"
      },
      "bin": {
        "loose-envify": "cli.js"
      }
    },
    "node_modules/nanoid": {
      "version": "3.3.7",
      "resolved": "https://registry.npmjs.org/nanoid/-/nanoid-3.3.7.tgz",
      "integrity": "sha512-eSRppjcPIat8EXwgeLD2+HaOFcpVt5V1OMGOB2G9LAnOLGu6rYTRbLAT2HbWwub0ABvbsokzTBrqrTtIZnbGAQ==",
      "dev": true,
      "bin": {
        "nanoid": "bin/nanoid.js"
      },
      "engines": {
        "node": "^10 || ^12 || ^13.7 || ^14 || >=15.0.1"
      }
    },
    "node_modules/picocolors": {
      "version": "1.0.1",
      "resolved": "https://registry.npmjs.org/picocolors/-/picocolors-1.0.1.tgz",
      "integrity": "sha512-OpEh08T1KRwseTBbB3/wA2/u8MvP6LI51L6hL9/5VgWprKx4D2tXp42n3BvTfL2sQW9oGv3I81W5W/p+pA5Mg==",
      "dev": true
    },
    "node_modules/postcss": {
      "version": "8.4.38",
      "resolved": "https://registry.npmjs.org/postcss/-/postcss-8.4.38.tgz",
      "integrity": "sha512-addJNi8MgQStjwK23j7EwUln3N23S8A437/f4pf3i23e1nSo13z27Fl1oW5DEb4l2n3l4rNxz3Z213oOEh+3gA==",
      "dev": true,
      "dependencies": {
        "nanoid": "^3.3.7",
        "picocolors": "^1.0.1",
        "source-map-js": "^1.2.0"
      },
      "engines": {
        "node": "^10 || ^12 || >=14"
      }
    },
    "node_modules/react": {
      "version": "18.3.1",
      "resolved": "https://registry.npmjs.org/react/-/react-18.3.1.tgz",
      "integrity": "sha512-wS+hAgBRBBmbISTIKoTGOdXcCR/q1evL+mneEEDkKaAw5CgePNC/Ggc5dc3dYACIK8B/re7wER9IPyb5C+6wDg==",
      "dependencies": {
        "loose-envify": "^1.1.0"
      },
      "engines": {
        "node": ">=0.10.0"
      }
    },
    "node_modules/react-dom": {
      "version": "18.3.1",
      "resolved": "https://registry.npmjs.org/react-dom/-/react-dom-18.3.1.tgz",
      "integrity": "sha512-5m4nQKp+rZRb09LNH5gcEWa0MoV8UAFRR1eS12FDjs/453cFVE/g23zI3Vxtw9x23o2vC925/vCh9G4QdK2m2w==",
      "dependencies": {
        "loose-envify": "^1.1.0",
        "scheduler": "^0.23.2"
      },
      "peerDependencies": {
        "react": "^18.3.1"
      }
    },
    "node_modules/robust-predicates": {
      "version": "3.0.2",
      "resolved": "https://registry.npmjs.org/robust-predicates/-/robust-predicates-3.0.2.tgz",
      "integrity": "sha512-o4KOcagIVqUXhUIFf17eD4r5Ccl1wK6s1a/kWMiK1xQpDIsXp7eX52U/O86eI/N/n3d/m9T42e1yWXi2x6e+Iw=="
    },
    "node_modules/rollup": {
      "version": "4.18.0",
      "resolved": "https://registry.npmjs.org/rollup/-/rollup-4.18.0.tgz",
      "integrity": "sha512-cj2v/0ffce/r62vkBplA9kYpgoPzKUmvZY3TqfWj8jLhJ1n9sO/2d9V61ds6xgrhJ6IUn/Y0g01wINq3rKzLtg==",
      "dev": true,
      "bin": {
        "rollup": "dist/bin/rollup"
      },
      "engines": {
        "node": ">=18.0.0",
        "npm": ">=8.0.0"
      },
      "optionalDependencies": {
        "fsevents": "~2.3.2"
      }
    },
    "node_modules/scheduler": {
      "version": "0.23.2",
      "resolved": "https://registry.npmjs.org/scheduler/-/scheduler-0.23.2.tgz",
      "integrity": "sha512-EaCxP2IFkMDRCAv0SOgNpP042ovZFgU/cdwLEHQZ663Ea2t/2l8a9/h9iA1J2I1GI1/L0ob9PTfD9SXGvGf5uA==",
      "dependencies": {
        "loose-envify": "^1.1.0"
      }
    },
    "node_modules/source-map-js": {
      "version": "1.2.0",
      "resolved": "https://registry.npmjs.org/source-map-js/-/source-map-js-1.2.0.tgz",
      "integrity": "sha512-itJW8lvSA0BEpj32WeJ5pP+Q5+1WPk6s4/oDLP9Q9o4w2c9zD15Yw2smcrxCRbY3IIa4M96vj/qaxK1vC/s6pQ==",
      "dev": true,
      "engines": {
        "node": ">=0.10.0"
      }
    },
    "node_modules/typescript": {
      "version": "5.2.2",
      "resolved": "https://registry.npmjs.org/typescript/-/typescript-5.2.2.tgz",
      "integrity": "sha512-mI4WrpHsbCIcwT9cF4FvrAmnAJd7CAc7afHWtdAQbkCtm9PO9MHLkAS9teBy4FFMo55WYJClxwWkrCo6OCyspA==",
      "dev": true,
      "bin": {
        "tsc": "bin/tsc",
        "tsserver": "bin/tsserver"
      },
      "engines": {
        "node": ">=14.17"
      }
    },
    "node_modules/undici-types": {
      "version": "5.26.5",
      "resolved": "https://registry.npmjs.org/undici-types/-/undici-types-5.26.5.tgz",
      "integrity": "sha512-JlCMO+ehdEIKqlFxk6IfVoAUVmgz7cU7zD/h9XZ0qzeosSHmUJVOzSQvvYSYWXkFXC+IfLKSIffhv0sVZup6pA==",
      "dev": true
    },
    "node_modules/vite": {
      "version": "5.3.1",
      "resolved": "https://registry.npmjs.org/vite/-/vite-5.3.1.tgz",
      "integrity": "sha512-3BDPdC4yM6hE60N38yG1lJgqQ15+s3kcgD/3vGKaY85laj+Y0s9iQ/0qjL2pXj0j4m3L/rC2SxoDAPF2sA2Aw==",
      "dev": true,
      "dependencies": {
        "es-module-lexer": "^1.5.2",
        "postcss": "^8.4.38",
        "rollup": "^4.17.2"
      },
      "bin": {
        "vite": "bin/vite.js"
      },
      "engines": {
        "node": ">=18.0.0"
      },
      "optionalDependencies": {
        "fsevents": "~2.3.2"
      },
      "peerDependencies": {
        "@types/node": ">=18.0.0",
        "less": "*",
        "lightningcss": ">=1.21.0",
        "sass": "*",
        "stylus": "*",
        "sugarss": "*",
        "terser": ">=5.4.0"
      },
      "peerDependenciesMeta": {
        "@types/node": {
          "optional": true
        },
        "less": {
          "optional": true
        },
        "lightningcss": {
          "optional": true
        },
        "sass": {
          "optional": true
        },
        "stylus": {
          "optional": true
        },
        "sugarss": {
          "optional": true
        },
        "terser": {
          "optional": true
        }
      }
    }
  }
}
